
Microsoft Visual Studio Solution File, Format Version 12.00
# Visual Studio Version 17
VisualStudioVersion = 17.9.34728.123
MinimumVisualStudioVersion = 10.0.40219.1
Project("{9A19103F-16F7-4668-BE54-9A1E7A4F7556}") = "TAREA001", "TAREA001\TAREA001.csproj", "{890F94A4-54A6-4A55-8AB0-D5AAED4AB499}"
EndProject
Project("{9A19103F-16F7-4668-BE54-9A1E7A4F7556}") = "TAREA002", "TAREA002\TAREA002.csproj", "{B0A731A0-4EDF-4682-B43B-64C4F61824F3}"
EndProject
Project("{9A19103F-16F7-4668-BE54-9A1E7A4F7556}") = "Prueba", "Prueba\Prueba.csproj", "{DFDAD4CD-590E-452A-AF45-921AA046F514}"
EndProject
Project("{9A19103F-16F7-4668-BE54-9A1E7A4F7556}") = "TAREA004-02", "TAREA004-2\TAREA004-02.csproj", "{B12B46CA-4033-445A-9CCC-BC76356F6A7A}"
EndProject
Project("{9A19103F-16F7-4668-BE54-9A1E7A4F7556}") = "TAREA004-03", "TAREA004-3\TAREA004-03.csproj", "{DCE45ED9-E543-4A92-A8CD-2EC1F6BD0825}"
EndProject
Project("{9A19103F-16F7-4668-BE54-9A1E7A4F7556}") = "TAREA004-04", "TAREA004-4\TAREA004-04.csproj", "{FFD798A6-75E0-4E96-9400-DEE39F6FB9D9}"
EndProject
Project("{FAE04EC0-301F-11D3-BF4B-00C04F79EFBC}") = "TAREA004-05", "TAREA004-5\TAREA004-05.csproj", "{507110BA-9F10-47C8-9BF5-4B102FCC36A3}"
EndProject
Project("{FAE04EC0-301F-11D3-BF4B-00C04F79EFBC}") = "TAREA004-06", "TAREA004-6\TAREA004-06.csproj", "{FD7996A6-9F6D-455C-BC90-30FB440F0820}"
EndProject
Project("{FAE04EC0-301F-11D3-BF4B-00C04F79EFBC}") = "TAREA004-07 (Incompleto)", "TAREA004-7\TAREA004-07 (Incompleto).csproj", "{44A543FF-2D81-4BE5-BBF8-8DF3DC003C03}"
EndProject
Project("{FAE04EC0-301F-11D3-BF4B-00C04F79EFBC}") = "TAREA004-08", "TAREA004-8\TAREA004-08.csproj", "{A978FC72-ED67-42F9-AB0E-D3D1F69478FE}"
EndProject
Project("{FAE04EC0-301F-11D3-BF4B-00C04F79EFBC}") = "TAREA004-09", "TAREA004-9\TAREA004-09.csproj", "{0C944E31-0474-4917-9FE7-9CC3E2074EEB}"
EndProject
Project("{FAE04EC0-301F-11D3-BF4B-00C04F79EFBC}") = "TAREA004-10", "TAREA004-10\TAREA004-10.csproj", "{73FE0714-59E4-4FC0-97B2-552342221973}"
EndProject
Project("{FAE04EC0-301F-11D3-BF4B-00C04F79EFBC}") = "TAREA004-11", "TAREA004-11\TAREA004-11.csproj", "{A94E6419-691F-478E-8A8D-308C48F3F460}"
EndProject
Project("{FAE04EC0-301F-11D3-BF4B-00C04F79EFBC}") = "TAREA004-12", "TAREA004-12\TAREA004-12.csproj", "{2D8D964D-F0D8-4415-A282-62BCCF25CE81}"
EndProject
Project("{FAE04EC0-301F-11D3-BF4B-00C04F79EFBC}") = "TAREA004-13", "TAREA004-13\TAREA004-13.csproj", "{F24B5CB8-6A35-4075-90FA-FFFF675838CA}"
EndProject
Project("{FAE04EC0-301F-11D3-BF4B-00C04F79EFBC}") = "TAREA004-14", "TAREA004-14\TAREA004-14.csproj", "{788B4C16-1970-4EB6-8E1D-CF2AD0BA7941}"
EndProject
Project("{FAE04EC0-301F-11D3-BF4B-00C04F79EFBC}") = "TAREA004-15", "TAREA004-15\TAREA004-15.csproj", "{C8E70D57-A26B-4206-B607-B811AD88070B}"
EndProject
Project("{FAE04EC0-301F-11D3-BF4B-00C04F79EFBC}") = "TAREA004-16", "TAREA004-16\TAREA004-16.csproj", "{4F4B2734-6A5E-4B79-9F72-DFBD6A411EAF}"
EndProject
Project("{FAE04EC0-301F-11D3-BF4B-00C04F79EFBC}") = "TAREA004-17", "TAREA004-17\TAREA004-17.csproj", "{14C33E61-9EF1-4B00-BE4E-8C58972901CB}"
EndProject
Project("{FAE04EC0-301F-11D3-BF4B-00C04F79EFBC}") = "TAREA004-18", "TAREA004-18\TAREA004-18.csproj", "{ED6C3884-3DA2-44CC-8667-7B4BDFDAE92C}"
EndProject
Project("{FAE04EC0-301F-11D3-BF4B-00C04F79EFBC}") = "TAREA004-19", "TAREA004-19\TAREA004-19.csproj", "{F89FE1DC-F60B-4E02-BAD5-A431EDA084B3}"
EndProject
Project("{FAE04EC0-301F-11D3-BF4B-00C04F79EFBC}") = "TAREA004-20", "TAREA004-20\TAREA004-20.csproj", "{FB2AF87F-9697-4B96-A7F3-8817DD4EF518}"
EndProject
Global
	GlobalSection(SolutionConfigurationPlatforms) = preSolution
		Debug|Any CPU = Debug|Any CPU
		Release|Any CPU = Release|Any CPU
	EndGlobalSection
	GlobalSection(ProjectConfigurationPlatforms) = postSolution
		{890F94A4-54A6-4A55-8AB0-D5AAED4AB499}.Debug|Any CPU.ActiveCfg = Debug|Any CPU
		{890F94A4-54A6-4A55-8AB0-D5AAED4AB499}.Debug|Any CPU.Build.0 = Debug|Any CPU
		{890F94A4-54A6-4A55-8AB0-D5AAED4AB499}.Release|Any CPU.ActiveCfg = Release|Any CPU
		{890F94A4-54A6-4A55-8AB0-D5AAED4AB499}.Release|Any CPU.Build.0 = Release|Any CPU
		{B0A731A0-4EDF-4682-B43B-64C4F61824F3}.Debug|Any CPU.ActiveCfg = Debug|Any CPU
		{B0A731A0-4EDF-4682-B43B-64C4F61824F3}.Debug|Any CPU.Build.0 = Debug|Any CPU
		{B0A731A0-4EDF-4682-B43B-64C4F61824F3}.Release|Any CPU.ActiveCfg = Release|Any CPU
		{B0A731A0-4EDF-4682-B43B-64C4F61824F3}.Release|Any CPU.Build.0 = Release|Any CPU
		{DFDAD4CD-590E-452A-AF45-921AA046F514}.Debug|Any CPU.ActiveCfg = Debug|Any CPU
		{DFDAD4CD-590E-452A-AF45-921AA046F514}.Debug|Any CPU.Build.0 = Debug|Any CPU
		{DFDAD4CD-590E-452A-AF45-921AA046F514}.Release|Any CPU.ActiveCfg = Release|Any CPU
		{DFDAD4CD-590E-452A-AF45-921AA046F514}.Release|Any CPU.Build.0 = Release|Any CPU
		{B12B46CA-4033-445A-9CCC-BC76356F6A7A}.Debug|Any CPU.ActiveCfg = Debug|Any CPU
		{B12B46CA-4033-445A-9CCC-BC76356F6A7A}.Debug|Any CPU.Build.0 = Debug|Any CPU
		{B12B46CA-4033-445A-9CCC-BC76356F6A7A}.Release|Any CPU.ActiveCfg = Release|Any CPU
		{B12B46CA-4033-445A-9CCC-BC76356F6A7A}.Release|Any CPU.Build.0 = Release|Any CPU
		{DCE45ED9-E543-4A92-A8CD-2EC1F6BD0825}.Debug|Any CPU.ActiveCfg = Debug|Any CPU
		{DCE45ED9-E543-4A92-A8CD-2EC1F6BD0825}.Debug|Any CPU.Build.0 = Debug|Any CPU
		{DCE45ED9-E543-4A92-A8CD-2EC1F6BD0825}.Release|Any CPU.ActiveCfg = Release|Any CPU
		{DCE45ED9-E543-4A92-A8CD-2EC1F6BD0825}.Release|Any CPU.Build.0 = Release|Any CPU
		{FFD798A6-75E0-4E96-9400-DEE39F6FB9D9}.Debug|Any CPU.ActiveCfg = Debug|Any CPU
		{FFD798A6-75E0-4E96-9400-DEE39F6FB9D9}.Debug|Any CPU.Build.0 = Debug|Any CPU
		{FFD798A6-75E0-4E96-9400-DEE39F6FB9D9}.Release|Any CPU.ActiveCfg = Release|Any CPU
		{FFD798A6-75E0-4E96-9400-DEE39F6FB9D9}.Release|Any CPU.Build.0 = Release|Any CPU
		{507110BA-9F10-47C8-9BF5-4B102FCC36A3}.Debug|Any CPU.ActiveCfg = Debug|Any CPU
		{507110BA-9F10-47C8-9BF5-4B102FCC36A3}.Debug|Any CPU.Build.0 = Debug|Any CPU
		{507110BA-9F10-47C8-9BF5-4B102FCC36A3}.Release|Any CPU.ActiveCfg = Release|Any CPU
		{507110BA-9F10-47C8-9BF5-4B102FCC36A3}.Release|Any CPU.Build.0 = Release|Any CPU
		{FD7996A6-9F6D-455C-BC90-30FB440F0820}.Debug|Any CPU.ActiveCfg = Debug|Any CPU
		{FD7996A6-9F6D-455C-BC90-30FB440F0820}.Debug|Any CPU.Build.0 = Debug|Any CPU
		{FD7996A6-9F6D-455C-BC90-30FB440F0820}.Release|Any CPU.ActiveCfg = Release|Any CPU
		{FD7996A6-9F6D-455C-BC90-30FB440F0820}.Release|Any CPU.Build.0 = Release|Any CPU
		{44A543FF-2D81-4BE5-BBF8-8DF3DC003C03}.Debug|Any CPU.ActiveCfg = Debug|Any CPU
		{44A543FF-2D81-4BE5-BBF8-8DF3DC003C03}.Debug|Any CPU.Build.0 = Debug|Any CPU
		{44A543FF-2D81-4BE5-BBF8-8DF3DC003C03}.Release|Any CPU.ActiveCfg = Release|Any CPU
		{44A543FF-2D81-4BE5-BBF8-8DF3DC003C03}.Release|Any CPU.Build.0 = Release|Any CPU
		{A978FC72-ED67-42F9-AB0E-D3D1F69478FE}.Debug|Any CPU.ActiveCfg = Debug|Any CPU
		{A978FC72-ED67-42F9-AB0E-D3D1F69478FE}.Debug|Any CPU.Build.0 = Debug|Any CPU
		{A978FC72-ED67-42F9-AB0E-D3D1F69478FE}.Release|Any CPU.ActiveCfg = Release|Any CPU
		{A978FC72-ED67-42F9-AB0E-D3D1F69478FE}.Release|Any CPU.Build.0 = Release|Any CPU
		{0C944E31-0474-4917-9FE7-9CC3E2074EEB}.Debug|Any CPU.ActiveCfg = Debug|Any CPU
		{0C944E31-0474-4917-9FE7-9CC3E2074EEB}.Debug|Any CPU.Build.0 = Debug|Any CPU
		{0C944E31-0474-4917-9FE7-9CC3E2074EEB}.Release|Any CPU.ActiveCfg = Release|Any CPU
		{0C944E31-0474-4917-9FE7-9CC3E2074EEB}.Release|Any CPU.Build.0 = Release|Any CPU
		{73FE0714-59E4-4FC0-97B2-552342221973}.Debug|Any CPU.ActiveCfg = Debug|Any CPU
		{73FE0714-59E4-4FC0-97B2-552342221973}.Debug|Any CPU.Build.0 = Debug|Any CPU
		{73FE0714-59E4-4FC0-97B2-552342221973}.Release|Any CPU.ActiveCfg = Release|Any CPU
		{73FE0714-59E4-4FC0-97B2-552342221973}.Release|Any CPU.Build.0 = Release|Any CPU
		{A94E6419-691F-478E-8A8D-308C48F3F460}.Debug|Any CPU.ActiveCfg = Debug|Any CPU
		{A94E6419-691F-478E-8A8D-308C48F3F460}.Debug|Any CPU.Build.0 = Debug|Any CPU
		{A94E6419-691F-478E-8A8D-308C48F3F460}.Release|Any CPU.ActiveCfg = Release|Any CPU
		{A94E6419-691F-478E-8A8D-308C48F3F460}.Release|Any CPU.Build.0 = Release|Any CPU
		{2D8D964D-F0D8-4415-A282-62BCCF25CE81}.Debug|Any CPU.ActiveCfg = Debug|Any CPU
		{2D8D964D-F0D8-4415-A282-62BCCF25CE81}.Debug|Any CPU.Build.0 = Debug|Any CPU
		{2D8D964D-F0D8-4415-A282-62BCCF25CE81}.Release|Any CPU.ActiveCfg = Release|Any CPU
		{2D8D964D-F0D8-4415-A282-62BCCF25CE81}.Release|Any CPU.Build.0 = Release|Any CPU
		{F24B5CB8-6A35-4075-90FA-FFFF675838CA}.Debug|Any CPU.ActiveCfg = Debug|Any CPU
		{F24B5CB8-6A35-4075-90FA-FFFF675838CA}.Debug|Any CPU.Build.0 = Debug|Any CPU
		{F24B5CB8-6A35-4075-90FA-FFFF675838CA}.Release|Any CPU.ActiveCfg = Release|Any CPU
		{F24B5CB8-6A35-4075-90FA-FFFF675838CA}.Release|Any CPU.Build.0 = Release|Any CPU
		{788B4C16-1970-4EB6-8E1D-CF2AD0BA7941}.Debug|Any CPU.ActiveCfg = Debug|Any CPU
		{788B4C16-1970-4EB6-8E1D-CF2AD0BA7941}.Debug|Any CPU.Build.0 = Debug|Any CPU
		{788B4C16-1970-4EB6-8E1D-CF2AD0BA7941}.Release|Any CPU.ActiveCfg = Release|Any CPU
		{788B4C16-1970-4EB6-8E1D-CF2AD0BA7941}.Release|Any CPU.Build.0 = Release|Any CPU
		{C8E70D57-A26B-4206-B607-B811AD88070B}.Debug|Any CPU.ActiveCfg = Debug|Any CPU
		{C8E70D57-A26B-4206-B607-B811AD88070B}.Debug|Any CPU.Build.0 = Debug|Any CPU
		{C8E70D57-A26B-4206-B607-B811AD88070B}.Release|Any CPU.ActiveCfg = Release|Any CPU
		{C8E70D57-A26B-4206-B607-B811AD88070B}.Release|Any CPU.Build.0 = Release|Any CPU
		{4F4B2734-6A5E-4B79-9F72-DFBD6A411EAF}.Debug|Any CPU.ActiveCfg = Debug|Any CPU
		{4F4B2734-6A5E-4B79-9F72-DFBD6A411EAF}.Debug|Any CPU.Build.0 = Debug|Any CPU
		{4F4B2734-6A5E-4B79-9F72-DFBD6A411EAF}.Release|Any CPU.ActiveCfg = Release|Any CPU
		{4F4B2734-6A5E-4B79-9F72-DFBD6A411EAF}.Release|Any CPU.Build.0 = Release|Any CPU
		{14C33E61-9EF1-4B00-BE4E-8C58972901CB}.Debug|Any CPU.ActiveCfg = Debug|Any CPU
		{14C33E61-9EF1-4B00-BE4E-8C58972901CB}.Debug|Any CPU.Build.0 = Debug|Any CPU
		{14C33E61-9EF1-4B00-BE4E-8C58972901CB}.Release|Any CPU.ActiveCfg = Release|Any CPU
		{14C33E61-9EF1-4B00-BE4E-8C58972901CB}.Release|Any CPU.Build.0 = Release|Any CPU
		{ED6C3884-3DA2-44CC-8667-7B4BDFDAE92C}.Debug|Any CPU.ActiveCfg = Debug|Any CPU
		{ED6C3884-3DA2-44CC-8667-7B4BDFDAE92C}.Debug|Any CPU.Build.0 = Debug|Any CPU
		{ED6C3884-3DA2-44CC-8667-7B4BDFDAE92C}.Release|Any CPU.ActiveCfg = Release|Any CPU
		{ED6C3884-3DA2-44CC-8667-7B4BDFDAE92C}.Release|Any CPU.Build.0 = Release|Any CPU
		{F89FE1DC-F60B-4E02-BAD5-A431EDA084B3}.Debug|Any CPU.ActiveCfg = Debug|Any CPU
		{F89FE1DC-F60B-4E02-BAD5-A431EDA084B3}.Debug|Any CPU.Build.0 = Debug|Any CPU
		{F89FE1DC-F60B-4E02-BAD5-A431EDA084B3}.Release|Any CPU.ActiveCfg = Release|Any CPU
		{F89FE1DC-F60B-4E02-BAD5-A431EDA084B3}.Release|Any CPU.Build.0 = Release|Any CPU
		{FB2AF87F-9697-4B96-A7F3-8817DD4EF518}.Debug|Any CPU.ActiveCfg = Debug|Any CPU
		{FB2AF87F-9697-4B96-A7F3-8817DD4EF518}.Debug|Any CPU.Build.0 = Debug|Any CPU
		{FB2AF87F-9697-4B96-A7F3-8817DD4EF518}.Release|Any CPU.ActiveCfg = Release|Any CPU
		{FB2AF87F-9697-4B96-A7F3-8817DD4EF518}.Release|Any CPU.Build.0 = Release|Any CPU
	EndGlobalSection
	GlobalSection(SolutionProperties) = preSolution
		HideSolutionNode = FALSE
	EndGlobalSection
	GlobalSection(ExtensibilityGlobals) = postSolution
		SolutionGuid = {5D255B81-15FB-42FB-9F4A-627ABC4CF422}
	EndGlobalSection
EndGlobal
