
Microsoft Visual Studio Solution File, Format Version 12.00
# Visual Studio Version 17
VisualStudioVersion = 17.9.34728.123
MinimumVisualStudioVersion = 10.0.40219.1
Project("{9A19103F-16F7-4668-BE54-9A1E7A4F7556}") = "TAREA001", "TAREA001\TAREA001.csproj", "{890F94A4-54A6-4A55-8AB0-D5AAED4AB499}"
EndProject
Project("{9A19103F-16F7-4668-BE54-9A1E7A4F7556}") = "TAREA002", "TAREA002\TAREA002.csproj", "{B0A731A0-4EDF-4682-B43B-64C4F61824F3}"
EndProject
Project("{9A19103F-16F7-4668-BE54-9A1E7A4F7556}") = "Prueba", "Prueba\Prueba.csproj", "{DFDAD4CD-590E-452A-AF45-921AA046F514}"
EndProject
Project("{FAE04EC0-301F-11D3-BF4B-00C04F79EFBC}") = "TAREA004-2", "TAREA004-2\TAREA004-2.csproj", "{B12B46CA-4033-445A-9CCC-BC76356F6A7A}"
EndProject
Global
	GlobalSection(SolutionConfigurationPlatforms) = preSolution
		Debug|Any CPU = Debug|Any CPU
		Release|Any CPU = Release|Any CPU
	EndGlobalSection
	GlobalSection(ProjectConfigurationPlatforms) = postSolution
		{890F94A4-54A6-4A55-8AB0-D5AAED4AB499}.Debug|Any CPU.ActiveCfg = Debug|Any CPU
		{890F94A4-54A6-4A55-8AB0-D5AAED4AB499}.Debug|Any CPU.Build.0 = Debug|Any CPU
		{890F94A4-54A6-4A55-8AB0-D5AAED4AB499}.Release|Any CPU.ActiveCfg = Release|Any CPU
		{890F94A4-54A6-4A55-8AB0-D5AAED4AB499}.Release|Any CPU.Build.0 = Release|Any CPU
		{B0A731A0-4EDF-4682-B43B-64C4F61824F3}.Debug|Any CPU.ActiveCfg = Debug|Any CPU
		{B0A731A0-4EDF-4682-B43B-64C4F61824F3}.Debug|Any CPU.Build.0 = Debug|Any CPU
		{B0A731A0-4EDF-4682-B43B-64C4F61824F3}.Release|Any CPU.ActiveCfg = Release|Any CPU
		{B0A731A0-4EDF-4682-B43B-64C4F61824F3}.Release|Any CPU.Build.0 = Release|Any CPU
		{DFDAD4CD-590E-452A-AF45-921AA046F514}.Debug|Any CPU.ActiveCfg = Debug|Any CPU
		{DFDAD4CD-590E-452A-AF45-921AA046F514}.Debug|Any CPU.Build.0 = Debug|Any CPU
		{DFDAD4CD-590E-452A-AF45-921AA046F514}.Release|Any CPU.ActiveCfg = Release|Any CPU
		{DFDAD4CD-590E-452A-AF45-921AA046F514}.Release|Any CPU.Build.0 = Release|Any CPU
		{B12B46CA-4033-445A-9CCC-BC76356F6A7A}.Debug|Any CPU.ActiveCfg = Debug|Any CPU
		{B12B46CA-4033-445A-9CCC-BC76356F6A7A}.Debug|Any CPU.Build.0 = Debug|Any CPU
		{B12B46CA-4033-445A-9CCC-BC76356F6A7A}.Release|Any CPU.ActiveCfg = Release|Any CPU
		{B12B46CA-4033-445A-9CCC-BC76356F6A7A}.Release|Any CPU.Build.0 = Release|Any CPU
	EndGlobalSection
	GlobalSection(SolutionProperties) = preSolution
		HideSolutionNode = FALSE
	EndGlobalSection
	GlobalSection(ExtensibilityGlobals) = postSolution
		SolutionGuid = {5D255B81-15FB-42FB-9F4A-627ABC4CF422}
	EndGlobalSection
EndGlobal
